
Microsoft Visual Studio Solution File, Format Version 12.00
# Visual Studio Version 16
VisualStudioVersion = 16.0.29418.71
MinimumVisualStudioVersion = 10.0.40219.1
Project("{FAE04EC0-301F-11D3-BF4B-00C04F79EFBC}") = "Практическая работа 7", "Практическая работа 7\Практическая работа 7.csproj", "{01F6C58A-30DE-4D5D-AF00-3741014D8B79}"
EndProject
Global
	GlobalSection(SolutionConfigurationPlatforms) = preSolution
		Debug|Any CPU = Debug|Any CPU
		Release|Any CPU = Release|Any CPU
	EndGlobalSection
	GlobalSection(ProjectConfigurationPlatforms) = postSolution
		{01F6C58A-30DE-4D5D-AF00-3741014D8B79}.Debug|Any CPU.ActiveCfg = Debug|Any CPU
		{01F6C58A-30DE-4D5D-AF00-3741014D8B79}.Debug|Any CPU.Build.0 = Debug|Any CPU
		{01F6C58A-30DE-4D5D-AF00-3741014D8B79}.Release|Any CPU.ActiveCfg = Release|Any CPU
		{01F6C58A-30DE-4D5D-AF00-3741014D8B79}.Release|Any CPU.Build.0 = Release|Any CPU
	EndGlobalSection
	GlobalSection(SolutionProperties) = preSolution
		HideSolutionNode = FALSE
	EndGlobalSection
	GlobalSection(ExtensibilityGlobals) = postSolution
		SolutionGuid = {37DB0E6B-B46B-486E-9987-72BB2B8F240F}
	EndGlobalSection
EndGlobal
