
Microsoft Visual Studio Solution File, Format Version 12.00
# Visual Studio Version 16
VisualStudioVersion = 16.0.29418.71
MinimumVisualStudioVersion = 10.0.40219.1
Project("{FAE04EC0-301F-11D3-BF4B-00C04F79EFBC}") = "Практическая работа 5", "Практическая работа 5\Практическая работа 5.csproj", "{705CDB24-0709-413E-9EF4-34C79AA7B86F}"
EndProject
Global
	GlobalSection(SolutionConfigurationPlatforms) = preSolution
		Debug|Any CPU = Debug|Any CPU
		Release|Any CPU = Release|Any CPU
	EndGlobalSection
	GlobalSection(ProjectConfigurationPlatforms) = postSolution
		{705CDB24-0709-413E-9EF4-34C79AA7B86F}.Debug|Any CPU.ActiveCfg = Debug|Any CPU
		{705CDB24-0709-413E-9EF4-34C79AA7B86F}.Debug|Any CPU.Build.0 = Debug|Any CPU
		{705CDB24-0709-413E-9EF4-34C79AA7B86F}.Release|Any CPU.ActiveCfg = Release|Any CPU
		{705CDB24-0709-413E-9EF4-34C79AA7B86F}.Release|Any CPU.Build.0 = Release|Any CPU
	EndGlobalSection
	GlobalSection(SolutionProperties) = preSolution
		HideSolutionNode = FALSE
	EndGlobalSection
	GlobalSection(ExtensibilityGlobals) = postSolution
		SolutionGuid = {330CC77E-996B-48A5-ACC8-2CCFFF19FD94}
	EndGlobalSection
EndGlobal
