
Microsoft Visual Studio Solution File, Format Version 12.00
# Visual Studio Version 16
VisualStudioVersion = 16.0.29418.71
MinimumVisualStudioVersion = 10.0.40219.1
Project("{FAE04EC0-301F-11D3-BF4B-00C04F79EFBC}") = "фигуры", "фигуры\фигуры.csproj", "{842849B5-3833-4466-B5D0-C16DC8EA2766}"
EndProject
Global
	GlobalSection(SolutionConfigurationPlatforms) = preSolution
		Debug|Any CPU = Debug|Any CPU
		Release|Any CPU = Release|Any CPU
	EndGlobalSection
	GlobalSection(ProjectConfigurationPlatforms) = postSolution
		{842849B5-3833-4466-B5D0-C16DC8EA2766}.Debug|Any CPU.ActiveCfg = Debug|Any CPU
		{842849B5-3833-4466-B5D0-C16DC8EA2766}.Debug|Any CPU.Build.0 = Debug|Any CPU
		{842849B5-3833-4466-B5D0-C16DC8EA2766}.Release|Any CPU.ActiveCfg = Release|Any CPU
		{842849B5-3833-4466-B5D0-C16DC8EA2766}.Release|Any CPU.Build.0 = Release|Any CPU
	EndGlobalSection
	GlobalSection(SolutionProperties) = preSolution
		HideSolutionNode = FALSE
	EndGlobalSection
	GlobalSection(ExtensibilityGlobals) = postSolution
		SolutionGuid = {4CEBCA5D-8551-4A13-A2C2-D30C89A63704}
	EndGlobalSection
EndGlobal
