
Microsoft Visual Studio Solution File, Format Version 12.00
# Visual Studio Version 16
VisualStudioVersion = 16.0.29418.71
MinimumVisualStudioVersion = 10.0.40219.1
Project("{FAE04EC0-301F-11D3-BF4B-00C04F79EFBC}") = "Графы", "Графы\Графы.csproj", "{5F757097-72CC-4A2F-937A-2F1E1C050335}"
EndProject
Global
	GlobalSection(SolutionConfigurationPlatforms) = preSolution
		Debug|Any CPU = Debug|Any CPU
		Release|Any CPU = Release|Any CPU
	EndGlobalSection
	GlobalSection(ProjectConfigurationPlatforms) = postSolution
		{5F757097-72CC-4A2F-937A-2F1E1C050335}.Debug|Any CPU.ActiveCfg = Debug|Any CPU
		{5F757097-72CC-4A2F-937A-2F1E1C050335}.Debug|Any CPU.Build.0 = Debug|Any CPU
		{5F757097-72CC-4A2F-937A-2F1E1C050335}.Release|Any CPU.ActiveCfg = Release|Any CPU
		{5F757097-72CC-4A2F-937A-2F1E1C050335}.Release|Any CPU.Build.0 = Release|Any CPU
	EndGlobalSection
	GlobalSection(SolutionProperties) = preSolution
		HideSolutionNode = FALSE
	EndGlobalSection
	GlobalSection(ExtensibilityGlobals) = postSolution
		SolutionGuid = {17D30B2E-4BBD-4218-847A-49B47ABE7745}
	EndGlobalSection
EndGlobal
