
Microsoft Visual Studio Solution File, Format Version 12.00
# Visual Studio Version 16
VisualStudioVersion = 16.0.29418.71
MinimumVisualStudioVersion = 10.0.40219.1
Project("{FAE04EC0-301F-11D3-BF4B-00C04F79EFBC}") = "Практическая работа 4", "Практическая работа 4\Практическая работа 4.csproj", "{0BA5C219-88D9-40D2-9975-D09A8580E6B7}"
EndProject
Global
	GlobalSection(SolutionConfigurationPlatforms) = preSolution
		Debug|Any CPU = Debug|Any CPU
		Release|Any CPU = Release|Any CPU
	EndGlobalSection
	GlobalSection(ProjectConfigurationPlatforms) = postSolution
		{0BA5C219-88D9-40D2-9975-D09A8580E6B7}.Debug|Any CPU.ActiveCfg = Debug|Any CPU
		{0BA5C219-88D9-40D2-9975-D09A8580E6B7}.Debug|Any CPU.Build.0 = Debug|Any CPU
		{0BA5C219-88D9-40D2-9975-D09A8580E6B7}.Release|Any CPU.ActiveCfg = Release|Any CPU
		{0BA5C219-88D9-40D2-9975-D09A8580E6B7}.Release|Any CPU.Build.0 = Release|Any CPU
	EndGlobalSection
	GlobalSection(SolutionProperties) = preSolution
		HideSolutionNode = FALSE
	EndGlobalSection
	GlobalSection(ExtensibilityGlobals) = postSolution
		SolutionGuid = {7B56BA69-8668-4A15-AB35-80AE1238AA43}
	EndGlobalSection
EndGlobal
